Microsoft Visual Studio Solution File, Format Version 11.00
# Visual Studio 2008

Project("{5758B491-49CA-07E7-8FD3-E13F87537B9A}") = "Cube Race", "Assembly-CSharp.csproj", "{088443CD-9C7D-F43D-7EA0-DC6CB33FD08B}"
EndProject
Global
	GlobalSection(SolutionConfigurationPlatforms) = preSolution
		Debug|Any CPU = Debug|Any CPU
		Release|Any CPU = Release|Any CPU
	EndGlobalSection
	GlobalSection(ProjectConfigurationPlatforms) = postSolution
		{088443CD-9C7D-F43D-7EA0-DC6CB33FD08B}.Debug|Any CPU.ActiveCfg = Debug|Any CPU
		{088443CD-9C7D-F43D-7EA0-DC6CB33FD08B}.Debug|Any CPU.Build.0 = Debug|Any CPU
		{088443CD-9C7D-F43D-7EA0-DC6CB33FD08B}.Release|Any CPU.ActiveCfg = Release|Any CPU
		{088443CD-9C7D-F43D-7EA0-DC6CB33FD08B}.Release|Any CPU.Build.0 = Release|Any CPU
	EndGlobalSection
	GlobalSection(SolutionProperties) = preSolution
		HideSolutionNode = FALSE
	EndGlobalSection
	GlobalSection(MonoDevelopProperties) = preSolution
		StartupItem = Assembly-CSharp.csproj
	EndGlobalSection
EndGlobal
